
Microsoft Visual Studio Solution File, Format Version 12.00
# Visual Studio Version 17
VisualStudioVersion = 17.13.35919.96
MinimumVisualStudioVersion = 10.0.40219.1
Project("{FAE04EC0-301F-11D3-BF4B-00C04F79EFBC}") = "BT_Guidulieudi", "BT_Guidulieudi\BT_Guidulieudi.csproj", "{6E4F978F-D990-420F-AB55-1DB167756F50}"
EndProject
Global
	GlobalSection(SolutionConfigurationPlatforms) = preSolution
		Debug|Any CPU = Debug|Any CPU
		Release|Any CPU = Release|Any CPU
	EndGlobalSection
	GlobalSection(ProjectConfigurationPlatforms) = postSolution
		{6E4F978F-D990-420F-AB55-1DB167756F50}.Debug|Any CPU.ActiveCfg = Debug|Any CPU
		{6E4F978F-D990-420F-AB55-1DB167756F50}.Debug|Any CPU.Build.0 = Debug|Any CPU
		{6E4F978F-D990-420F-AB55-1DB167756F50}.Release|Any CPU.ActiveCfg = Release|Any CPU
		{6E4F978F-D990-420F-AB55-1DB167756F50}.Release|Any CPU.Build.0 = Release|Any CPU
	EndGlobalSection
	GlobalSection(SolutionProperties) = preSolution
		HideSolutionNode = FALSE
	EndGlobalSection
	GlobalSection(ExtensibilityGlobals) = postSolution
		SolutionGuid = {E7CE8787-DC19-4FF6-8451-C5BE0EDB902B}
	EndGlobalSection
EndGlobal
